{
  "version": 4,
  "terraform_version": "0.14.4",
  "serial": 281,
  "lineage": "1036714a-b7a7-048b-5ba8-0d195aabb0b5",
  "outputs": {},
  "resources": [
    {
      "mode": "managed",
      "type": "aws_instance",
      "name": "ec2_yang",
      "provider": "provider[\"registry.terraform.io/hashicorp/aws\"]",
      "instances": [
        {
          "schema_version": 1,
          "attributes": {
            "ami": "ami-0e67aff698cb24c1d",
            "arn": "arn:aws:ec2:ap-northeast-2:731049857647:instance/i-0eff416c917c1b3fa",
            "associate_public_ip_address": true,
            "availability_zone": "ap-northeast-2a",
            "cpu_core_count": 1,
            "cpu_threads_per_core": 1,
            "credit_specification": [
              {
                "cpu_credits": "standard"
              }
            ],
            "disable_api_termination": false,
            "ebs_block_device": [],
            "ebs_optimized": false,
            "enclave_options": [
              {
                "enabled": false
              }
            ],
            "ephemeral_block_device": [],
            "get_password_data": false,
            "hibernation": false,
            "host_id": null,
            "iam_instance_profile": "",
            "id": "i-0eff416c917c1b3fa",
            "instance_initiated_shutdown_behavior": null,
            "instance_state": "running",
            "instance_type": "t2.micro",
            "ipv6_address_count": 0,
            "ipv6_addresses": [],
            "key_name": "key-yang",
            "metadata_options": [
              {
                "http_endpoint": "enabled",
                "http_put_response_hop_limit": 1,
                "http_tokens": "optional"
              }
            ],
            "monitoring": false,
            "network_interface": [],
            "outpost_arn": "",
            "password_data": "",
            "placement_group": "",
            "primary_network_interface_id": "eni-0ab09782dc1f33bbb",
            "private_dns": "ip-10-0-1-7.ap-northeast-2.compute.internal",
            "private_ip": "10.0.1.7",
            "public_dns": "",
            "public_ip": "52.79.247.94",
            "root_block_device": [
              {
                "delete_on_termination": true,
                "device_name": "/dev/sda1",
                "encrypted": false,
                "iops": 100,
                "kms_key_id": "",
                "tags": null,
                "throughput": 0,
                "volume_id": "vol-04c614ad8bee6086d",
                "volume_size": 8,
                "volume_type": "gp2"
              }
            ],
            "secondary_private_ips": [],
            "security_groups": [],
            "source_dest_check": true,
            "subnet_id": "subnet-09dd0e4ce9e7d70de",
            "tags": {
              "Environment": "prod",
              "Name": "EC2-YANG-JENKINS"
            },
            "tenancy": "default",
            "timeouts": null,
            "user_data": "95a93826c344eb255cde7c3b96dc3ef1e47ce803",
            "user_data_base64": null,
            "volume_tags": null,
            "vpc_security_group_ids": [
              "sg-043acb174b4c3aff5"
            ]
          },
          "sensitive_attributes": [],
          "private": "eyJlMmJmYjczMC1lY2FhLTExZTYtOGY4OC0zNDM2M2JjN2M0YzAiOnsiY3JlYXRlIjo2MDAwMDAwMDAwMDAsImRlbGV0ZSI6MTIwMDAwMDAwMDAwMCwidXBkYXRlIjo2MDAwMDAwMDAwMDB9LCJzY2hlbWFfdmVyc2lvbiI6IjEifQ==",
          "dependencies": [
            "aws_key_pair.key_yang",
            "aws_security_group.sg_yang_jenkins",
            "aws_subnet.sbn_yang_public1",
            "aws_vpc.vpc_yang"
          ]
        }
      ]
    },
    {
      "mode": "managed",
      "type": "aws_internet_gateway",
      "name": "igw_yang",
      "provider": "provider[\"registry.terraform.io/hashicorp/aws\"]",
      "instances": [
        {
          "schema_version": 0,
          "attributes": {
            "arn": "arn:aws:ec2:ap-northeast-2:731049857647:internet-gateway/igw-0e8afe74dddaebee2",
            "id": "igw-0e8afe74dddaebee2",
            "owner_id": "731049857647",
            "tags": {
              "Name": "IGW-YANG"
            },
            "vpc_id": "vpc-006cfdb3a44ab0ab0"
          },
          "sensitive_attributes": [],
          "private": "bnVsbA==",
          "dependencies": [
            "aws_vpc.vpc_yang"
          ]
        }
      ]
    },
    {
      "mode": "managed",
      "type": "aws_key_pair",
      "name": "key_yang",
      "provider": "provider[\"registry.terraform.io/hashicorp/aws\"]",
      "instances": [
        {
          "schema_version": 1,
          "attributes": {
            "arn": "arn:aws:ec2:ap-northeast-2:731049857647:key-pair/key-yang",
            "fingerprint": "19:c4:e1:29:04:d3:90:d0:89:39:e6:44:e7:55:f9:a9",
            "id": "key-yang",
            "key_name": "key-yang",
            "key_name_prefix": null,
            "key_pair_id": "key-0c3e199969e1860ce",
            "public_key": "ssh-rsa AAAAB3NzaC1yc2EAAAADAQABAAACAQCaAmXZTJ1AwPReSULUWpO9r/FEJ7qlLOwSZ3cgV8yFua5yahMB72UyId3qRaqUCY32EyFUz4i6JGQtJYxvsYgd4KxESaLdpAPDKkQAbkLBOrl5ZCLUvhxQINkPYhbFb3sHht3KKam3aaeBfduC/4/5m6+sAA94Bs2Kt20Z0d7wr4ZXlvz4Zo8U8bD4RiRSijNYclVNu3jFOqI/LfOJI50co+42FrsdRFJCe/6nvFUgsZfrl9nS08QZFFY54cmDFbJsmQgdjMiyiVPV5qnVA5z6oA/kQEQhux4JlbCZ84oWTNlnTciqwrTTOCuZ3RwGmCw+DON/pe4z089YVn5Obud6dnxNLGC8cTxbwybl/Cy+/BU1Nw8lOCb73rLzuJ/VDsov9D7b004dgxSB1aDg5Cs0D600VfODDWk4HOVFtkDZV1bPyaL4snwYnC3gHYx7ZSKDuItjec+BsUtHnCGMWDDxkZQtDcPWWWN+GvO++2/3gmkf7ioKomuuYcymw0mQKSBVSMk0h8K7JRk7LPxiqQk7bkObACGXtG/SWeRyQYGkmyviDBzIMPxQS65qlD4cbva8h5Vrhze/hQQnZ7nQAY+86v9pf1seJ/cP+qdLHojc8Wb+AP3Tr77mX+Gg88gSfIxK53DbWYYyJu55jjP1o4MGX9gvY58FJxY4palY+nN2Jw== yangiksoon@gmail.com",
            "tags": null
          },
          "sensitive_attributes": [],
          "private": "eyJzY2hlbWFfdmVyc2lvbiI6IjEifQ=="
        }
      ]
    },
    {
      "mode": "managed",
      "type": "aws_route_table",
      "name": "rt_yang_public",
      "provider": "provider[\"registry.terraform.io/hashicorp/aws\"]",
      "instances": [
        {
          "schema_version": 0,
          "attributes": {
            "id": "rtb-042d35944ef7248f2",
            "owner_id": "731049857647",
            "propagating_vgws": [],
            "route": [
              {
                "cidr_block": "0.0.0.0/0",
                "egress_only_gateway_id": "",
                "gateway_id": "igw-0e8afe74dddaebee2",
                "instance_id": "",
                "ipv6_cidr_block": "",
                "local_gateway_id": "",
                "nat_gateway_id": "",
                "network_interface_id": "",
                "transit_gateway_id": "",
                "vpc_endpoint_id": "",
                "vpc_peering_connection_id": ""
              }
            ],
            "tags": {
              "Name": "RT-YANG-PUBLIC"
            },
            "vpc_id": "vpc-006cfdb3a44ab0ab0"
          },
          "sensitive_attributes": [],
          "private": "bnVsbA==",
          "dependencies": [
            "aws_internet_gateway.igw_yang",
            "aws_vpc.vpc_yang"
          ]
        }
      ]
    },
    {
      "mode": "managed",
      "type": "aws_route_table_association",
      "name": "sbn_associations_yang_public1",
      "provider": "provider[\"registry.terraform.io/hashicorp/aws\"]",
      "instances": [
        {
          "schema_version": 0,
          "attributes": {
            "gateway_id": null,
            "id": "rtbassoc-0de591f4da0726a28",
            "route_table_id": "rtb-042d35944ef7248f2",
            "subnet_id": "subnet-09dd0e4ce9e7d70de"
          },
          "sensitive_attributes": [],
          "private": "bnVsbA==",
          "dependencies": [
            "aws_internet_gateway.igw_yang",
            "aws_route_table.rt_yang_public",
            "aws_subnet.sbn_yang_public1",
            "aws_vpc.vpc_yang"
          ]
        }
      ]
    },
    {
      "mode": "managed",
      "type": "aws_route_table_association",
      "name": "sbn_associations_yang_public2",
      "provider": "provider[\"registry.terraform.io/hashicorp/aws\"]",
      "instances": [
        {
          "schema_version": 0,
          "attributes": {
            "gateway_id": null,
            "id": "rtbassoc-0afcb8c0e0139b966",
            "route_table_id": "rtb-042d35944ef7248f2",
            "subnet_id": "subnet-00cddd67dbc73b5b2"
          },
          "sensitive_attributes": [],
          "private": "bnVsbA==",
          "dependencies": [
            "aws_internet_gateway.igw_yang",
            "aws_route_table.rt_yang_public",
            "aws_subnet.sbn_yang_public2",
            "aws_vpc.vpc_yang"
          ]
        }
      ]
    },
    {
      "mode": "managed",
      "type": "aws_security_group",
      "name": "sg_yang_jenkins",
      "provider": "provider[\"registry.terraform.io/hashicorp/aws\"]",
      "instances": [
        {
          "schema_version": 1,
          "attributes": {
            "arn": "arn:aws:ec2:ap-northeast-2:731049857647:security-group/sg-043acb174b4c3aff5",
            "description": "Allow SSH Access from my pc",
            "egress": [
              {
                "cidr_blocks": [
                  "0.0.0.0/0"
                ],
                "description": "",
                "from_port": 0,
                "ipv6_cidr_blocks": [],
                "prefix_list_ids": [],
                "protocol": "-1",
                "security_groups": [],
                "self": false,
                "to_port": 0
              }
            ],
            "id": "sg-043acb174b4c3aff5",
            "ingress": [
              {
                "cidr_blocks": [
                  "220.85.94.0/24"
                ],
                "description": "Jenkins Access from My IP",
                "from_port": -1,
                "ipv6_cidr_blocks": [],
                "prefix_list_ids": [],
                "protocol": "icmp",
                "security_groups": [],
                "self": false,
                "to_port": -1
              },
              {
                "cidr_blocks": [
                  "220.85.94.0/24"
                ],
                "description": "Jenkins Access from My IP",
                "from_port": 8080,
                "ipv6_cidr_blocks": [],
                "prefix_list_ids": [],
                "protocol": "tcp",
                "security_groups": [],
                "self": false,
                "to_port": 8080
              },
              {
                "cidr_blocks": [
                  "220.85.94.0/24"
                ],
                "description": "SSH Access from My IP",
                "from_port": 22,
                "ipv6_cidr_blocks": [],
                "prefix_list_ids": [],
                "protocol": "tcp",
                "security_groups": [],
                "self": false,
                "to_port": 22
              }
            ],
            "name": "SG-YANG-JENKINS",
            "name_prefix": "",
            "owner_id": "731049857647",
            "revoke_rules_on_delete": false,
            "tags": {
              "Name": "SG-YANG-JENKINS"
            },
            "timeouts": null,
            "vpc_id": "vpc-006cfdb3a44ab0ab0"
          },
          "sensitive_attributes": [],
          "private": "eyJlMmJmYjczMC1lY2FhLTExZTYtOGY4OC0zNDM2M2JjN2M0YzAiOnsiY3JlYXRlIjo2MDAwMDAwMDAwMDAsImRlbGV0ZSI6NjAwMDAwMDAwMDAwfSwic2NoZW1hX3ZlcnNpb24iOiIxIn0=",
          "dependencies": [
            "aws_vpc.vpc_yang"
          ]
        }
      ]
    },
    {
      "mode": "managed",
      "type": "aws_subnet",
      "name": "sbn_yang_public1",
      "provider": "provider[\"registry.terraform.io/hashicorp/aws\"]",
      "instances": [
        {
          "schema_version": 1,
          "attributes": {
            "arn": "arn:aws:ec2:ap-northeast-2:731049857647:subnet/subnet-09dd0e4ce9e7d70de",
            "assign_ipv6_address_on_creation": false,
            "availability_zone": "ap-northeast-2a",
            "availability_zone_id": "apne2-az1",
            "cidr_block": "10.0.1.0/27",
            "id": "subnet-09dd0e4ce9e7d70de",
            "ipv6_cidr_block": "",
            "ipv6_cidr_block_association_id": "",
            "map_public_ip_on_launch": false,
            "outpost_arn": "",
            "owner_id": "731049857647",
            "tags": {
              "Name": "SBN-YANG-PUBLIC1"
            },
            "timeouts": null,
            "vpc_id": "vpc-006cfdb3a44ab0ab0"
          },
          "sensitive_attributes": [],
          "private": "eyJlMmJmYjczMC1lY2FhLTExZTYtOGY4OC0zNDM2M2JjN2M0YzAiOnsiY3JlYXRlIjo2MDAwMDAwMDAwMDAsImRlbGV0ZSI6MTIwMDAwMDAwMDAwMH0sInNjaGVtYV92ZXJzaW9uIjoiMSJ9",
          "dependencies": [
            "aws_vpc.vpc_yang"
          ]
        }
      ]
    },
    {
      "mode": "managed",
      "type": "aws_subnet",
      "name": "sbn_yang_public2",
      "provider": "provider[\"registry.terraform.io/hashicorp/aws\"]",
      "instances": [
        {
          "schema_version": 1,
          "attributes": {
            "arn": "arn:aws:ec2:ap-northeast-2:731049857647:subnet/subnet-00cddd67dbc73b5b2",
            "assign_ipv6_address_on_creation": false,
            "availability_zone": "ap-northeast-2c",
            "availability_zone_id": "apne2-az3",
            "cidr_block": "10.0.1.32/27",
            "id": "subnet-00cddd67dbc73b5b2",
            "ipv6_cidr_block": "",
            "ipv6_cidr_block_association_id": "",
            "map_public_ip_on_launch": false,
            "outpost_arn": "",
            "owner_id": "731049857647",
            "tags": {
              "Name": "SBN-YANG-PUBLIC2"
            },
            "timeouts": null,
            "vpc_id": "vpc-006cfdb3a44ab0ab0"
          },
          "sensitive_attributes": [],
          "private": "eyJlMmJmYjczMC1lY2FhLTExZTYtOGY4OC0zNDM2M2JjN2M0YzAiOnsiY3JlYXRlIjo2MDAwMDAwMDAwMDAsImRlbGV0ZSI6MTIwMDAwMDAwMDAwMH0sInNjaGVtYV92ZXJzaW9uIjoiMSJ9",
          "dependencies": [
            "aws_vpc.vpc_yang"
          ]
        }
      ]
    },
    {
      "mode": "managed",
      "type": "aws_vpc",
      "name": "vpc_yang",
      "provider": "provider[\"registry.terraform.io/hashicorp/aws\"]",
      "instances": [
        {
          "schema_version": 1,
          "attributes": {
            "arn": "arn:aws:ec2:ap-northeast-2:731049857647:vpc/vpc-006cfdb3a44ab0ab0",
            "assign_generated_ipv6_cidr_block": false,
            "cidr_block": "10.0.1.0/24",
            "default_network_acl_id": "acl-002e6b5519eac18da",
            "default_route_table_id": "rtb-07fb84c7f3bf517ab",
            "default_security_group_id": "sg-058a3226251a61523",
            "dhcp_options_id": "dopt-9c8f5bf7",
            "enable_classiclink": null,
            "enable_classiclink_dns_support": null,
            "enable_dns_hostnames": false,
            "enable_dns_support": true,
            "id": "vpc-006cfdb3a44ab0ab0",
            "instance_tenancy": "default",
            "ipv6_association_id": "",
            "ipv6_cidr_block": "",
            "main_route_table_id": "rtb-07fb84c7f3bf517ab",
            "owner_id": "731049857647",
            "tags": {
              "Name": "VPC-YANG"
            }
          },
          "sensitive_attributes": [],
          "private": "eyJzY2hlbWFfdmVyc2lvbiI6IjEifQ=="
        }
      ]
    }
  ]
}
